// !$*UTF8*$!
{
	archiveVersion = 1;
	classes = {
	};
	objectVersion = 50;
	objects = {

/* Begin PBXBuildFile section */
		44CCFDB921FABD9100526298 /* AppDelegate.swift in Sources */ = {isa = PBXBuildFile; fileRef = 44CCFDB821FABD9100526298 /* AppDelegate.swift */; };
		44CCFDBB21FABD9100526298 /* ViewController.swift in Sources */ = {isa = PBXBuildFile; fileRef = 44CCFDBA21FABD9100526298 /* ViewController.swift */; };
		44CCFDBE21FABD9100526298 /* Main.storyboard in Resources */ = {isa = PBXBuildFile; fileRef = 44CCFDBC21FABD9100526298 /* Main.storyboard */; };
		44CCFDC021FABD9100526298 /* Assets.xcassets in Resources */ = {isa = PBXBuildFile; fileRef = 44CCFDBF21FABD9100526298 /* Assets.xcassets */; };
		44CCFDC321FABD9100526298 /* LaunchScreen.storyboard in Resources */ = {isa = PBXBuildFile; fileRef = 44CCFDC121FABD9100526298 /* LaunchScreen.storyboard */; };
		44CCFDCE21FABD9100526298 /* TipCalcTests.swift in Sources */ = {isa = PBXBuildFile; fileRef = 44CCFDCD21FABD9100526298 /* TipCalcTests.swift */; };
		44CCFDD921FABD9100526298 /* TipCalcUITests.swift in Sources */ = {isa = PBXBuildFile; fileRef = 44CCFDD821FABD9100526298 /* TipCalcUITests.swift */; };
/* End PBXBuildFile section */

/* Begin PBXContainerItemProxy section */
		44CCFDCA21FABD9100526298 /* PBXContainerItemProxy */ = {
			isa = PBXContainerItemProxy;
			containerPortal = 44CCFDAD21FABD9100526298 /* Project object */;
			proxyType = 1;
			remoteGlobalIDString = 44CCFDB421FABD9100526298;
			remoteInfo = TipCalc;
		};
		44CCFDD521FABD9100526298 /* PBXContainerItemProxy */ = {
			isa = PBXContainerItemProxy;
			containerPortal = 44CCFDAD21FABD9100526298 /* Project object */;
			proxyType = 1;
			remoteGlobalIDString = 44CCFDB421FABD9100526298;
			remoteInfo = TipCalc;
		};
/* End PBXContainerItemProxy section */

/* Begin PBXFileReference section */
		44CCFDB521FABD9100526298 /* TipCalc.app */ = {isa = PBXFileReference; explicitFileType = wrapper.application; includeInIndex = 0; path = TipCalc.app; sourceTree = BUILT_PRODUCTS_DIR; };
		44CCFDB821FABD9100526298 /* AppDelegate.swift */ = {isa = PBXFileReference; lastKnownFileType = sourcecode.swift; path = AppDelegate.swift; sourceTree = "<group>"; };
		44CCFDBA21FABD9100526298 /* ViewController.swift */ = {isa = PBXFileReference; lastKnownFileType = sourcecode.swift; path = ViewController.swift; sourceTree = "<group>"; };
		44CCFDBD21FABD9100526298 /* Base */ = {isa = PBXFileReference; lastKnownFileType = file.storyboard; name = Base; path = Base.lproj/Main.storyboard; sourceTree = "<group>"; };
		44CCFDBF21FABD9100526298 /* Assets.xcassets */ = {isa = PBXFileReference; lastKnownFileType = folder.assetcatalog; path = Assets.xcassets; sourceTree = "<group>"; };
		44CCFDC221FABD9100526298 /* Base */ = {isa = PBXFileReference; lastKnownFileType = file.storyboard; name = Base; path = Base.lproj/LaunchScreen.storyboard; sourceTree = "<group>"; };
		44CCFDC421FABD9100526298 /* Info.plist */ = {isa = PBXFileReference; lastKnownFileType = text.plist.xml; path = Info.plist; sourceTree = "<group>"; };
		44CCFDC921FABD9100526298 /* TipCalcTests.xctest */ = {isa = PBXFileReference; explicitFileType = wrapper.cfbundle; includeInIndex = 0; path = TipCalcTests.xctest; sourceTree = BUILT_PRODUCTS_DIR; };
		44CCFDCD21FABD9100526298 /* TipCalcTests.swift */ = {isa = PBXFileReference; lastKnownFileType = sourcecode.swift; path = TipCalcTests.swift; sourceTree = "<group>"; };
		44CCFDCF21FABD9100526298 /* Info.plist */ = {isa = PBXFileReference; lastKnownFileType = text.plist.xml; path = Info.plist; sourceTree = "<group>"; };
		44CCFDD421FABD9100526298 /* TipCalcUITests.xctest */ = {isa = PBXFileReference; explicitFileType = wrapper.cfbundle; includeInIndex = 0; path = TipCalcUITests.xctest; sourceTree = BUILT_PRODUCTS_DIR; };
		44CCFDD821FABD9100526298 /* TipCalcUITests.swift */ = {isa = PBXFileReference; lastKnownFileType = sourcecode.swift; path = TipCalcUITests.swift; sourceTree = "<group>"; };
		44CCFDDA21FABD9100526298 /* Info.plist */ = {isa = PBXFileReference; lastKnownFileType = text.plist.xml; path = Info.plist; sourceTree = "<group>"; };
/* End PBXFileReference section */

/* Begin PBXFrameworksBuildPhase section */
		44CCFDB221FABD9100526298 /* Frameworks */ = {
			isa = PBXFrameworksBuildPhase;
			buildActionMask = 2147483647;
			files = (
			);
			runOnlyForDeploymentPostprocessing = 0;
		};
		44CCFDC621FABD9100526298 /* Frameworks */ = {
			isa = PBXFrameworksBuildPhase;
			buildActionMask = 2147483647;
			files = (
			);
			runOnlyForDeploymentPostprocessing = 0;
		};
		44CCFDD121FABD9100526298 /* Frameworks */ = {
			isa = PBXFrameworksBuildPhase;
			buildActionMask = 2147483647;
			files = (
			);
			runOnlyForDeploymentPostprocessing = 0;
		};
/* End PBXFrameworksBuildPhase section */

/* Begin PBXGroup section */
		44CCFDAC21FABD9100526298 = {
			isa = PBXGroup;
			children = (
				44CCFDB721FABD9100526298 /* TipCalc */,
				44CCFDCC21FABD9100526298 /* TipCalcTests */,
				44CCFDD721FABD9100526298 /* TipCalcUITests */,
				44CCFDB621FABD9100526298 /* Products */,
			);
			sourceTree = "<group>";
		};
		44CCFDB621FABD9100526298 /* Products */ = {
			isa = PBXGroup;
			children = (
				44CCFDB521FABD9100526298 /* TipCalc.app */,
				44CCFDC921FABD9100526298 /* TipCalcTests.xctest */,
				44CCFDD421FABD9100526298 /* TipCalcUITests.xctest */,
			);
			name = Products;
			sourceTree = "<group>";
		};
		44CCFDB721FABD9100526298 /* TipCalc */ = {
			isa = PBXGroup;
			children = (
				44CCFDB821FABD9100526298 /* AppDelegate.swift */,
				44CCFDBA21FABD9100526298 /* ViewController.swift */,
				44CCFDBC21FABD9100526298 /* Main.storyboard */,
				44CCFDBF21FABD9100526298 /* Assets.xcassets */,
				44CCFDC121FABD9100526298 /* LaunchScreen.storyboard */,
				44CCFDC421FABD9100526298 /* Info.plist */,
			);
			path = TipCalc;
			sourceTree = "<group>";
		};
		44CCFDCC21FABD9100526298 /* TipCalcTests */ = {
			isa = PBXGroup;
			children = (
				44CCFDCD21FABD9100526298 /* TipCalcTests.swift */,
				44CCFDCF21FABD9100526298 /* Info.plist */,
			);
			path = TipCalcTests;
			sourceTree = "<group>";
		};
		44CCFDD721FABD9100526298 /* TipCalcUITests */ = {
			isa = PBXGroup;
			children = (
				44CCFDD821FABD9100526298 /* TipCalcUITests.swift */,
				44CCFDDA21FABD9100526298 /* Info.plist */,
			);
			path = TipCalcUITests;
			sourceTree = "<group>";
		};
/* End PBXGroup section */

/* Begin PBXNativeTarget section */
		44CCFDB421FABD9100526298 /* TipCalc */ = {
			isa = PBXNativeTarget;
			buildConfigurationList = 44CCFDDD21FABD9100526298 /* Build configuration list for PBXNativeTarget "TipCalc" */;
			buildPhases = (
				44CCFDB121FABD9100526298 /* Sources */,
				44CCFDB221FABD9100526298 /* Frameworks */,
				44CCFDB321FABD9100526298 /* Resources */,
			);
			buildRules = (
			);
			dependencies = (
			);
			name = TipCalc;
			productName = TipCalc;
			productReference = 44CCFDB521FABD9100526298 /* TipCalc.app */;
			productType = "com.apple.product-type.application";
		};
		44CCFDC821FABD9100526298 /* TipCalcTests */ = {
			isa = PBXNativeTarget;
			buildConfigurationList = 44CCFDE021FABD9100526298 /* Build configuration list for PBXNativeTarget "TipCalcTests" */;
			buildPhases = (
				44CCFDC521FABD9100526298 /* Sources */,
				44CCFDC621FABD9100526298 /* Frameworks */,
				44CCFDC721FABD9100526298 /* Resources */,
			);
			buildRules = (
			);
			dependencies = (
				44CCFDCB21FABD9100526298 /* PBXTargetDependency */,
			);
			name = TipCalcTests;
			productName = TipCalcTests;
			productReference = 44CCFDC921FABD9100526298 /* TipCalcTests.xctest */;
			productType = "com.apple.product-type.bundle.unit-test";
		};
		44CCFDD321FABD9100526298 /* TipCalcUITests */ = {
			isa = PBXNativeTarget;
			buildConfigurationList = 44CCFDE321FABD9100526298 /* Build configuration list for PBXNativeTarget "TipCalcUITests" */;
			buildPhases = (
				44CCFDD021FABD9100526298 /* Sources */,
				44CCFDD121FABD9100526298 /* Frameworks */,
				44CCFDD221FABD9100526298 /* Resources */,
			);
			buildRules = (
			);
			dependencies = (
				44CCFDD621FABD9100526298 /* PBXTargetDependency */,
			);
			name = TipCalcUITests;
			productName = TipCalcUITests;
			productReference = 44CCFDD421FABD9100526298 /* TipCalcUITests.xctest */;
			productType = "com.apple.product-type.bundle.ui-testing";
		};
/* End PBXNativeTarget section */

/* Begin PBXProject section */
		44CCFDAD21FABD9100526298 /* Project object */ = {
			isa = PBXProject;
			attributes = {
				LastSwiftUpdateCheck = 1010;
				LastUpgradeCheck = 1010;
				ORGANIZATIONNAME = "GORDON BITTNER";
				TargetAttributes = {
					44CCFDB421FABD9100526298 = {
						CreatedOnToolsVersion = 10.1;
					};
					44CCFDC821FABD9100526298 = {
						CreatedOnToolsVersion = 10.1;
						TestTargetID = 44CCFDB421FABD9100526298;
					};
					44CCFDD321FABD9100526298 = {
						CreatedOnToolsVersion = 10.1;
						TestTargetID = 44CCFDB421FABD9100526298;
					};
				};
			};
			buildConfigurationList = 44CCFDB021FABD9100526298 /* Build configuration list for PBXProject "TipCalc" */;
			compatibilityVersion = "Xcode 9.3";
			developmentRegion = en;
			hasScannedForEncodings = 0;
			knownRegions = (
				en,
				Base,
			);
			mainGroup = 44CCFDAC21FABD9100526298;
			productRefGroup = 44CCFDB621FABD9100526298 /* Products */;
			projectDirPath = "";
			projectRoot = "";
			targets = (
				44CCFDB421FABD9100526298 /* TipCalc */,
				44CCFDC821FABD9100526298 /* TipCalcTests */,
				44CCFDD321FABD9100526298 /* TipCalcUITests */,
			);
		};
/* End PBXProject section */

/* Begin PBXResourcesBuildPhase section */
		44CCFDB321FABD9100526298 /* Resources */ = {
			isa = PBXResourcesBuildPhase;
			buildActionMask = 2147483647;
			files = (
				44CCFDC321FABD9100526298 /* LaunchScreen.storyboard in Resources */,
				44CCFDC021FABD9100526298 /* Assets.xcassets in Resources */,
				44CCFDBE21FABD9100526298 /* Main.storyboard in Resources */,
			);
			runOnlyForDeploymentPostprocessing = 0;
		};
		44CCFDC721FABD9100526298 /* Resources */ = {
			isa = PBXResourcesBuildPhase;
			buildActionMask = 2147483647;
			files = (
			);
			runOnlyForDeploymentPostprocessing = 0;
		};
		44CCFDD221FABD9100526298 /* Resources */ = {
			isa = PBXResourcesBuildPhase;
			buildActionMask = 2147483647;
			files = (
			);
			runOnlyForDeploymentPostprocessing = 0;
		};
/* End PBXResourcesBuildPhase section */

/* Begin PBXSourcesBuildPhase section */
		44CCFDB121FABD9100526298 /* Sources */ = {
			isa = PBXSourcesBuildPhase;
			buildActionMask = 2147483647;
			files = (
				44CCFDBB21FABD9100526298 /* ViewController.swift in Sources */,
				44CCFDB921FABD9100526298 /* AppDelegate.swift in Sources */,
			);
			runOnlyForDeploymentPostprocessing = 0;
		};
		44CCFDC521FABD9100526298 /* Sources */ = {
			isa = PBXSourcesBuildPhase;
			buildActionMask = 2147483647;
			files = (
				44CCFDCE21FABD9100526298 /* TipCalcTests.swift in Sources */,
			);
			runOnlyForDeploymentPostprocessing = 0;
		};
		44CCFDD021FABD9100526298 /* Sources */ = {
			isa = PBXSourcesBuildPhase;
			buildActionMask = 2147483647;
			files = (
				44CCFDD921FABD9100526298 /* TipCalcUITests.swift in Sources */,
			);
			runOnlyForDeploymentPostprocessing = 0;
		};
/* End PBXSourcesBuildPhase section */

/* Begin PBXTargetDependency section */
		44CCFDCB21FABD9100526298 /* PBXTargetDependency */ = {
			isa = PBXTargetDependency;
			target = 44CCFDB421FABD9100526298 /* TipCalc */;
			targetProxy = 44CCFDCA21FABD9100526298 /* PBXContainerItemProxy */;
		};
		44CCFDD621FABD9100526298 /* PBXTargetDependency */ = {
			isa = PBXTargetDependency;
			target = 44CCFDB421FABD9100526298 /* TipCalc */;
			targetProxy = 44CCFDD521FABD9100526298 /* PBXContainerItemProxy */;
		};
/* End PBXTargetDependency section */

/* Begin PBXVariantGroup section */
		44CCFDBC21FABD9100526298 /* Main.storyboard */ = {
			isa = PBXVariantGroup;
			children = (
				44CCFDBD21FABD9100526298 /* Base */,
			);
			name = Main.storyboard;
			sourceTree = "<group>";
		};
		44CCFDC121FABD9100526298 /* LaunchScreen.storyboard */ = {
			isa = PBXVariantGroup;
			children = (
				44CCFDC221FABD9100526298 /* Base */,
			);
			name = LaunchScreen.storyboard;
			sourceTree = "<group>";
		};
/* End PBXVariantGroup section */

/* Begin XCBuildConfiguration section */
		44CCFDDB21FABD9100526298 /* Debug */ = {
			isa = XCBuildConfiguration;
			buildSettings = {
				ALWAYS_SEARCH_USER_PATHS = NO;
				CLANG_ANALYZER_NONNULL = YES;
				CLANG_ANALYZER_NUMBER_OBJECT_CONVERSION = YES_AGGRESSIVE;
				CLANG_CXX_LANGUAGE_STANDARD = "gnu++14";
				CLANG_CXX_LIBRARY = "libc++";
				CLANG_ENABLE_MODULES = YES;
				CLANG_ENABLE_OBJC_ARC = YES;
				CLANG_ENABLE_OBJC_WEAK = YES;
				CLANG_WARN_BLOCK_CAPTURE_AUTORELEASING = YES;
				CLANG_WARN_BOOL_CONVERSION = YES;
				CLANG_WARN_COMMA = YES;
				CLANG_WARN_CONSTANT_CONVERSION = YES;
				CLANG_WARN_DEPRECATED_OBJC_IMPLEMENTATIONS = YES;
				CLANG_WARN_DIRECT_OBJC_ISA_USAGE = YES_ERROR;
				CLANG_WARN_DOCUMENTATION_COMMENTS = YES;
				CLANG_WARN_EMPTY_BODY = YES;
				CLANG_WARN_ENUM_CONVERSION = YES;
				CLANG_WARN_INFINITE_RECURSION = YES;
				CLANG_WARN_INT_CONVERSION = YES;
				CLANG_WARN_NON_LITERAL_NULL_CONVERSION = YES;
				CLANG_WARN_OBJC_IMPLICIT_RETAIN_SELF = YES;
				CLANG_WARN_OBJC_LITERAL_CONVERSION = YES;
				CLANG_WARN_OBJC_ROOT_CLASS = YES_ERROR;
				CLANG_WARN_RANGE_LOOP_ANALYSIS = YES;
				CLANG_WARN_STRICT_PROTOTYPES = YES;
				CLANG_WARN_SUSPICIOUS_MOVE = YES;
				CLANG_WARN_UNGUARDED_AVAILABILITY = YES_AGGRESSIVE;
				CLANG_WARN_UNREACHABLE_CODE = YES;
				CLANG_WARN__DUPLICATE_METHOD_MATCH = YES;
				CODE_SIGN_IDENTITY = "iPhone Developer";
				COPY_PHASE_STRIP = NO;
				DEBUG_INFORMATION_FORMAT = dwarf;
				ENABLE_STRICT_OBJC_MSGSEND = YES;
				ENABLE_TESTABILITY = YES;
				GCC_C_LANGUAGE_STANDARD = gnu11;
				GCC_DYNAMIC_NO_PIC = NO;
				GCC_NO_COMMON_BLOCKS = YES;
				GCC_OPTIMIZATION_LEVEL = 0;
				GCC_PREPROCESSOR_DEFINITIONS = (
					"DEBUG=1",
					"$(inherited)",
				);
				GCC_WARN_64_TO_32_BIT_CONVERSION = YES;
				GCC_WARN_ABOUT_RETURN_TYPE = YES_ERROR;
				GCC_WARN_UNDECLARED_SELECTOR = YES;
				GCC_WARN_UNINITIALIZED_AUTOS = YES_AGGRESSIVE;
				GCC_WARN_UNUSED_FUNCTION = YES;
				GCC_WARN_UNUSED_VARIABLE = YES;
				IPHONEOS_DEPLOYMENT_TARGET = 12.1;
				MTL_ENABLE_DEBUG_INFO = INCLUDE_SOURCE;
				MTL_FAST_MATH = YES;
				ONLY_ACTIVE_ARCH = YES;
				SDKROOT = iphoneos;
				SWIFT_ACTIVE_COMPILATION_CONDITIONS = DEBUG;
				SWIFT_OPTIMIZATION_LEVEL = "-Onone";
			};
			name = Debug;
		};
		44CCFDDC21FABD9100526298 /* Release */ = {
			isa = XCBuildConfiguration;
			buildSettings = {
				ALWAYS_SEARCH_USER_PATHS = NO;
				CLANG_ANALYZER_NONNULL = YES;
				CLANG_ANALYZER_NUMBER_OBJECT_CONVERSION = YES_AGGRESSIVE;
				CLANG_CXX_LANGUAGE_STANDARD = "gnu++14";
				CLANG_CXX_LIBRARY = "libc++";
				CLANG_ENABLE_MODULES = YES;
				CLANG_ENABLE_OBJC_ARC = YES;
				CLANG_ENABLE_OBJC_WEAK = YES;
				CLANG_WARN_BLOCK_CAPTURE_AUTORELEASING = YES;
				CLANG_WARN_BOOL_CONVERSION = YES;
				CLANG_WARN_COMMA = YES;
				CLANG_WARN_CONSTANT_CONVERSION = YES;
				CLANG_WARN_DEPRECATED_OBJC_IMPLEMENTATIONS = YES;
				CLANG_WARN_DIRECT_OBJC_ISA_USAGE = YES_ERROR;
				CLANG_WARN_DOCUMENTATION_COMMENTS = YES;
				CLANG_WARN_EMPTY_BODY = YES;
				CLANG_WARN_ENUM_CONVERSION = YES;
				CLANG_WARN_INFINITE_RECURSION = YES;
				CLANG_WARN_INT_CONVERSION = YES;
				CLANG_WARN_NON_LITERAL_NULL_CONVERSION = YES;
				CLANG_WARN_OBJC_IMPLICIT_RETAIN_SELF = YES;
				CLANG_WARN_OBJC_LITERAL_CONVERSION = YES;
				CLANG_WARN_OBJC_ROOT_CLASS = YES_ERROR;
				CLANG_WARN_RANGE_LOOP_ANALYSIS = YES;
				CLANG_WARN_STRICT_PROTOTYPES = YES;
				CLANG_WARN_SUSPICIOUS_MOVE = YES;
				CLANG_WARN_UNGUARDED_AVAILABILITY = YES_AGGRESSIVE;
				CLANG_WARN_UNREACHABLE_CODE = YES;
				CLANG_WARN__DUPLICATE_METHOD_MATCH = YES;
				CODE_SIGN_IDENTITY = "iPhone Developer";
				COPY_PHASE_STRIP = NO;
				DEBUG_INFORMATION_FORMAT = "dwarf-with-dsym";
				ENABLE_NS_ASSERTIONS = NO;
				ENABLE_STRICT_OBJC_MSGSEND = YES;
				GCC_C_LANGUAGE_STANDARD = gnu11;
				GCC_NO_COMMON_BLOCKS = YES;
				GCC_WARN_64_TO_32_BIT_CONVERSION = YES;
				GCC_WARN_ABOUT_RETURN_TYPE = YES_ERROR;
				GCC_WARN_UNDECLARED_SELECTOR = YES;
				GCC_WARN_UNINITIALIZED_AUTOS = YES_AGGRESSIVE;
				GCC_WARN_UNUSED_FUNCTION = YES;
				GCC_WARN_UNUSED_VARIABLE = YES;
				IPHONEOS_DEPLOYMENT_TARGET = 12.1;
				MTL_ENABLE_DEBUG_INFO = NO;
				MTL_FAST_MATH = YES;
				SDKROOT = iphoneos;
				SWIFT_COMPILATION_MODE = wholemodule;
				SWIFT_OPTIMIZATION_LEVEL = "-O";
				VALIDATE_PRODUCT = YES;
			};
			name = Release;
		};
		44CCFDDE21FABD9100526298 /* Debug */ = {
			isa = XCBuildConfiguration;
			buildSettings = {
				ASSETCATALOG_COMPILER_APPICON_NAME = AppIcon;
				CODE_SIGN_STYLE = Automatic;
				INFOPLIST_FILE = TipCalc/Info.plist;
				LD_RUNPATH_SEARCH_PATHS = (
					"$(inherited)",
					"@executable_path/Frameworks",
				);
				PRODUCT_BUNDLE_IDENTIFIER = gordonbittner.TipCalc;
				PRODUCT_NAME = "$(TARGET_NAME)";
				SWIFT_VERSION = 4.2;
				TARGETED_DEVICE_FAMILY = "1,2";
			};
			name = Debug;
		};
		44CCFDDF21FABD9100526298 /* Release */ = {
			isa = XCBuildConfiguration;
			buildSettings = {
				ASSETCATALOG_COMPILER_APPICON_NAME = AppIcon;
				CODE_SIGN_STYLE = Automatic;
				INFOPLIST_FILE = TipCalc/Info.plist;
				LD_RUNPATH_SEARCH_PATHS = (
					"$(inherited)",
					"@executable_path/Frameworks",
				);
				PRODUCT_BUNDLE_IDENTIFIER = gordonbittner.TipCalc;
				PRODUCT_NAME = "$(TARGET_NAME)";
				SWIFT_VERSION = 4.2;
				TARGETED_DEVICE_FAMILY = "1,2";
			};
			name = Release;
		};
		44CCFDE121FABD9100526298 /* Debug */ = {
			isa = XCBuildConfiguration;
			buildSettings = {
				ALWAYS_EMBED_SWIFT_STANDARD_LIBRARIES = YES;
				BUNDLE_LOADER = "$(TEST_HOST)";
				CODE_SIGN_STYLE = Automatic;
				INFOPLIST_FILE = TipCalcTests/Info.plist;
				LD_RUNPATH_SEARCH_PATHS = (
					"$(inherited)",
					"@executable_path/Frameworks",
					"@loader_path/Frameworks",
				);
				PRODUCT_BUNDLE_IDENTIFIER = gordonbittner.TipCalcTests;
				PRODUCT_NAME = "$(TARGET_NAME)";
				SWIFT_VERSION = 4.2;
				TARGETED_DEVICE_FAMILY = "1,2";
				TEST_HOST = "$(BUILT_PRODUCTS_DIR)/TipCalc.app/TipCalc";
			};
			name = Debug;
		};
		44CCFDE221FABD9100526298 /* Release */ = {
			isa = XCBuildConfiguration;
			buildSettings = {
				ALWAYS_EMBED_SWIFT_STANDARD_LIBRARIES = YES;
				BUNDLE_LOADER = "$(TEST_HOST)";
				CODE_SIGN_STYLE = Automatic;
				INFOPLIST_FILE = TipCalcTests/Info.plist;
				LD_RUNPATH_SEARCH_PATHS = (
					"$(inherited)",
					"@executable_path/Frameworks",
					"@loader_path/Frameworks",
				);
				PRODUCT_BUNDLE_IDENTIFIER = gordonbittner.TipCalcTests;
				PRODUCT_NAME = "$(TARGET_NAME)";
				SWIFT_VERSION = 4.2;
				TARGETED_DEVICE_FAMILY = "1,2";
				TEST_HOST = "$(BUILT_PRODUCTS_DIR)/TipCalc.app/TipCalc";
			};
			name = Release;
		};
		44CCFDE421FABD9100526298 /* Debug */ = {
			isa = XCBuildConfiguration;
			buildSettings = {
				ALWAYS_EMBED_SWIFT_STANDARD_LIBRARIES = YES;
				CODE_SIGN_STYLE = Automatic;
				INFOPLIST_FILE = TipCalcUITests/Info.plist;
				LD_RUNPATH_SEARCH_PATHS = (
					"$(inherited)",
					"@executable_path/Frameworks",
					"@loader_path/Frameworks",
				);
				PRODUCT_BUNDLE_IDENTIFIER = gordonbittner.TipCalcUITests;
				PRODUCT_NAME = "$(TARGET_NAME)";
				SWIFT_VERSION = 4.2;
				TARGETED_DEVICE_FAMILY = "1,2";
				TEST_TARGET_NAME = TipCalc;
			};
			name = Debug;
		};
		44CCFDE521FABD9100526298 /* Release */ = {
			isa = XCBuildConfiguration;
			buildSettings = {
				ALWAYS_EMBED_SWIFT_STANDARD_LIBRARIES = YES;
				CODE_SIGN_STYLE = Automatic;
				INFOPLIST_FILE = TipCalcUITests/Info.plist;
				LD_RUNPATH_SEARCH_PATHS = (
					"$(inherited)",
					"@executable_path/Frameworks",
					"@loader_path/Frameworks",
				);
				PRODUCT_BUNDLE_IDENTIFIER = gordonbittner.TipCalcUITests;
				PRODUCT_NAME = "$(TARGET_NAME)";
				SWIFT_VERSION = 4.2;
				TARGETED_DEVICE_FAMILY = "1,2";
				TEST_TARGET_NAME = TipCalc;
			};
			name = Release;
		};
/* End XCBuildConfiguration section */

/* Begin XCConfigurationList section */
		44CCFDB021FABD9100526298 /* Build configuration list for PBXProject "TipCalc" */ = {
			isa = XCConfigurationList;
			buildConfigurations = (
				44CCFDDB21FABD9100526298 /* Debug */,
				44CCFDDC21FABD9100526298 /* Release */,
			);
			defaultConfigurationIsVisible = 0;
			defaultConfigurationName = Release;
		};
		44CCFDDD21FABD9100526298 /* Build configuration list for PBXNativeTarget "TipCalc" */ = {
			isa = XCConfigurationList;
			buildConfigurations = (
				44CCFDDE21FABD9100526298 /* Debug */,
				44CCFDDF21FABD9100526298 /* Release */,
			);
			defaultConfigurationIsVisible = 0;
			defaultConfigurationName = Release;
		};
		44CCFDE021FABD9100526298 /* Build configuration list for PBXNativeTarget "TipCalcTests" */ = {
			isa = XCConfigurationList;
			buildConfigurations = (
				44CCFDE121FABD9100526298 /* Debug */,
				44CCFDE221FABD9100526298 /* Release */,
			);
			defaultConfigurationIsVisible = 0;
			defaultConfigurationName = Release;
		};
		44CCFDE321FABD9100526298 /* Build configuration list for PBXNativeTarget "TipCalcUITests" */ = {
			isa = XCConfigurationList;
			buildConfigurations = (
				44CCFDE421FABD9100526298 /* Debug */,
				44CCFDE521FABD9100526298 /* Release */,
			);
			defaultConfigurationIsVisible = 0;
			defaultConfigurationName = Release;
		};
/* End XCConfigurationList section */
	};
	rootObject = 44CCFDAD21FABD9100526298 /* Project object */;
}
